<Solution>
  <Folder Name="/src/">
    <Project Path="src/AStar.Dev.OneDrive.Sync.Client.Application/AStar.Dev.OneDrive.Sync.Client.Application.csproj" />
    <Project Path="src/AStar.Dev.OneDrive.Sync.Client.Domain/AStar.Dev.OneDrive.Sync.Client.Domain.csproj" />
    <Project Path="src/AStar.Dev.OneDrive.Sync.Client.Infrastructure/AStar.Dev.OneDrive.Sync.Client.Infrastructure.csproj" />
    <Project Path="src/AStar.Dev.OneDrive.Sync.Client.UI/AStar.Dev.OneDrive.Sync.Client.UI.csproj" />
  </Folder>
  <Folder Name="/src/nuget-packages/">
    <Project Path="src/nuget-packages/AStar.Dev.Functional.Extensions/AStar.Dev.Functional.Extensions.csproj" />
    <Project Path="src/nuget-packages/AStar.Dev.Source.Analyzers/AStar.Dev.Source.Analyzers.csproj" />
    <Project Path="src/nuget-packages/AStar.Dev.Source.Generators.Attributes/AStar.Dev.Source.Generators.Attributes.csproj" />
    <Project Path="src/nuget-packages/AStar.Dev.Source.Generators/AStar.Dev.Source.Generators.csproj" />
    <Project Path="src/nuget-packages/AStar.Dev.Utilities/AStar.Dev.Utilities.csproj" />
  </Folder>
  <Folder Name="/tests/">
    <Project Path="tests/AStar.Dev.OneDrive.Sync.Client.Application.Tests/AStar.Dev.OneDrive.Sync.Client.Application.Tests.csproj" />
    <Project Path="tests/AStar.Dev.OneDrive.Sync.Client.Infrastructure.Tests/AStar.Dev.OneDrive.Sync.Client.Infrastructure.Tests.csproj" />
    <Project Path="tests/AStar.Dev.OneDrive.Sync.Client.Domain.Tests/AStar.Dev.OneDrive.Sync.Client.Domain.Tests.csproj" />
    <Project Path="tests/AStar.Dev.OneDrive.Sync.Client.UI.Tests/AStar.Dev.OneDrive.Sync.Client.UI.Tests.csproj" />
  </Folder>
  <Folder Name="/tests/nuget-packages/">
    <Project Path="tests/nuget-packages/AStar.Dev.Functional.Extensions.Tests.Unit/AStar.Dev.Functional.Extensions.Tests.Unit.csproj" />
    <Project Path="tests/nuget-packages/AStar.Dev.Source.Analyzers.Tests.Unit/AStar.Dev.Source.Analyzers.Tests.Unit.csproj" />
    <Project Path="tests/nuget-packages/AStar.Dev.Source.Generators.Attributes.Tests.Unit/AStar.Dev.Source.Generators.Attributes.Tests.Unit.csproj" />
    <Project Path="tests/nuget-packages/AStar.Dev.Source.Generators.Tests.Unit/AStar.Dev.Source.Generators.Tests.Unit.csproj" />
    <Project Path="tests/nuget-packages/AStar.Dev.Utilities.Tests.Unit/AStar.Dev.Utilities.Tests.Unit.csproj" />
  </Folder>
</Solution>
